{
  "name": "fest",
  "version": "0.6.3",
  "dependencies": {
    "grunt-contrib-clean": {
      "version": "0.4.0",
      "from": "grunt-contrib-clean@~0.4.0"
    },
    "grunt": {
      "version": "0.4.1",
      "from": "grunt@",
      "dependencies": {
        "async": {
          "version": "0.1.22",
          "from": "async@~0.1.22"
        },
        "coffee-script": {
          "version": "1.3.3",
          "from": "coffee-script@~1.3.3"
        },
        "colors": {
          "version": "0.6.0-1",
          "from": "colors@~0.6.0-1"
        },
        "dateformat": {
          "version": "1.0.2-1.2.3",
          "from": "dateformat@1.0.2-1.2.3"
        },
        "eventemitter2": {
          "version": "0.4.11",
          "from": "eventemitter2@~0.4.9"
        },
        "findup-sync": {
          "version": "0.1.2",
          "from": "findup-sync@~0.1.0",
          "dependencies": {
            "lodash": {
              "version": "1.0.1",
              "from": "lodash@~1.0.1"
            }
          }
        },
        "glob": {
          "version": "3.1.21",
          "from": "glob@~3.1.21",
          "dependencies": {
            "graceful-fs": {
              "version": "1.2.0",
              "from": "graceful-fs@~1.2.0"
            },
            "inherits": {
              "version": "1.0.0",
              "from": "inherits@1"
            }
          }
        },
        "hooker": {
          "version": "0.2.3",
          "from": "hooker@~0.2.3"
        },
        "iconv-lite": {
          "version": "0.2.7",
          "from": "iconv-lite@~0.2.5"
        },
        "minimatch": {
          "version": "0.2.11",
          "from": "minimatch@~0.2.6",
          "dependencies": {
            "lru-cache": {
              "version": "2.3.0",
              "from": "lru-cache@2"
            },
            "sigmund": {
              "version": "1.0.0",
              "from": "sigmund@~1.0.0"
            }
          }
        },
        "nopt": {
          "version": "1.0.10",
          "from": "nopt@~1.0.10",
          "dependencies": {
            "abbrev": {
              "version": "1.0.4",
              "from": "abbrev@1"
            }
          }
        },
        "rimraf": {
          "version": "2.0.3",
          "from": "rimraf@~2.0.2",
          "dependencies": {
            "graceful-fs": {
              "version": "1.1.14",
              "from": "graceful-fs@~1.1"
            }
          }
        },
        "lodash": {
          "version": "0.9.2",
          "from": "lodash@~0.9.0"
        },
        "underscore.string": {
          "version": "2.2.0rc",
          "from": "underscore.string@~2.2.0rc"
        },
        "which": {
          "version": "1.0.5",
          "from": "which@~1.0.5"
        },
        "js-yaml": {
          "version": "2.0.3",
          "from": "js-yaml@~2.0.2",
          "dependencies": {
            "argparse": {
              "version": "0.1.11",
              "from": "argparse@~ 0.1.11",
              "dependencies": {
                "underscore": {
                  "version": "1.4.4",
                  "from": "underscore@~1.4.3"
                },
                "underscore.string": {
                  "version": "2.3.1",
                  "from": "underscore.string@~2.3.1"
                }
              }
            }
          }
        }
      }
    },
    "grunt-contrib-watch": {
      "version": "0.2.0",
      "from": "grunt-contrib-watch@~0.2.0",
      "dependencies": {
        "gaze": {
          "version": "0.3.3",
          "from": "gaze@~0.3.3",
          "dependencies": {
            "minimatch": {
              "version": "0.2.11",
              "from": "minimatch@~0.2.9",
              "dependencies": {
                "lru-cache": {
                  "version": "2.2.2",
                  "from": "lru-cache@2"
                },
                "sigmund": {
                  "version": "1.0.0",
                  "from": "sigmund@~1.0.0"
                }
              }
            },
            "fileset": {
              "version": "0.1.5",
              "from": "fileset@~0.1.5",
              "dependencies": {
                "glob": {
                  "version": "3.1.21",
                  "from": "glob@3.x",
                  "dependencies": {
                    "graceful-fs": {
                      "version": "1.2.0",
                      "from": "graceful-fs@~1.2.0"
                    },
                    "inherits": {
                      "version": "1.0.0",
                      "from": "inherits@1"
                    }
                  }
                }
              }
            }
          }
        }
      }
    },
    "jasmine-node": {
      "version": "1.3.1",
      "from": "jasmine-node@1.3.1",
      "resolved": "https://registry.npmjs.org/jasmine-node/-/jasmine-node-1.3.1.tgz",
      "dependencies": {
        "coffee-script": {
          "version": "1.6.1",
          "from": "coffee-script@>=1.0.1",
          "resolved": "https://registry.npmjs.org/coffee-script/-/coffee-script-1.6.1.tgz"
        },
        "jasmine-reporters": {
          "version": "0.2.1",
          "from": "jasmine-reporters@>=0.2.0",
          "resolved": "https://registry.npmjs.org/jasmine-reporters/-/jasmine-reporters-0.2.1.tgz"
        },
        "requirejs": {
          "version": "2.1.5",
          "from": "requirejs@>=0.27.1",
          "resolved": "https://registry.npmjs.org/requirejs/-/requirejs-2.1.5.tgz"
        },
        "walkdir": {
          "version": "0.0.5",
          "from": "walkdir@>= 0.0.1",
          "resolved": "https://registry.npmjs.org/walkdir/-/walkdir-0.0.5.tgz"
        },
        "underscore": {
          "version": "1.4.4",
          "from": "underscore@>= 1.3.1",
          "resolved": "https://registry.npmjs.org/underscore/-/underscore-1.4.4.tgz"
        },
        "gaze": {
          "version": "0.3.3",
          "from": "gaze@~0.3.2",
          "resolved": "https://registry.npmjs.org/gaze/-/gaze-0.3.3.tgz",
          "dependencies": {
            "minimatch": {
              "version": "0.2.11",
              "from": "minimatch@~0.2.9",
              "resolved": "https://registry.npmjs.org/minimatch/-/minimatch-0.2.11.tgz",
              "dependencies": {
                "lru-cache": {
                  "version": "2.2.2",
                  "from": "lru-cache@2",
                  "resolved": "https://registry.npmjs.org/lru-cache/-/lru-cache-2.2.2.tgz"
                },
                "sigmund": {
                  "version": "1.0.0",
                  "from": "sigmund@~1.0.0",
                  "resolved": "https://registry.npmjs.org/sigmund/-/sigmund-1.0.0.tgz"
                }
              }
            },
            "fileset": {
              "version": "0.1.5",
              "from": "fileset@~0.1.5",
              "resolved": "https://registry.npmjs.org/fileset/-/fileset-0.1.5.tgz",
              "dependencies": {
                "glob": {
                  "version": "3.1.21",
                  "from": "glob@3.x",
                  "resolved": "https://registry.npmjs.org/glob/-/glob-3.1.21.tgz",
                  "dependencies": {
                    "graceful-fs": {
                      "version": "1.2.0",
                      "from": "graceful-fs@~1.2.0",
                      "resolved": "https://registry.npmjs.org/graceful-fs/-/graceful-fs-1.2.0.tgz"
                    },
                    "inherits": {
                      "version": "1.0.0",
                      "from": "inherits@1",
                      "resolved": "https://registry.npmjs.org/inherits/-/inherits-1.0.0.tgz"
                    }
                  }
                }
              }
            }
          }
        }
      }
    },
    "grunt-contrib-jshint": {
      "version": "0.1.1",
      "from": "grunt-contrib-jshint@~0.1.1",
      "dependencies": {
        "jshint": {
          "version": "0.9.1",
          "from": "jshint@~0.9.0",
          "dependencies": {
            "cli": {
              "version": "0.4.3",
              "from": "cli@0.4.3",
              "dependencies": {
                "glob": {
                  "version": "3.1.21",
                  "from": "glob@>= 3.1.4",
                  "dependencies": {
                    "minimatch": {
                      "version": "0.2.11",
                      "from": "minimatch@~0.2.9",
                      "dependencies": {
                        "lru-cache": {
                          "version": "2.2.2",
                          "from": "lru-cache@2"
                        },
                        "sigmund": {
                          "version": "1.0.0",
                          "from": "sigmund@~1.0.0"
                        }
                      }
                    },
                    "graceful-fs": {
                      "version": "1.2.0",
                      "from": "graceful-fs@~1.2.0"
                    },
                    "inherits": {
                      "version": "1.0.0",
                      "from": "inherits@1"
                    }
                  }
                }
              }
            },
            "minimatch": {
              "version": "0.0.5",
              "from": "minimatch@0.0.x",
              "dependencies": {
                "lru-cache": {
                  "version": "1.0.6",
                  "from": "lru-cache@~1.0.2"
                }
              }
            }
          }
        }
      }
    }
  }
}
